// !$*UTF8*$!
{
	archiveVersion = 1;
	classes = {
	};
	objectVersion = 55;
	objects = {

/* Begin PBXBuildFile section */
		3720FE0528CFA11E00D7E49A /* FetchingOTPAutomaticallyApp.swift in Sources */ = {isa = PBXBuildFile; fileRef = 3720FE0428CFA11E00D7E49A /* FetchingOTPAutomaticallyApp.swift */; };
		3720FE0728CFA11E00D7E49A /* ContentView.swift in Sources */ = {isa = PBXBuildFile; fileRef = 3720FE0628CFA11E00D7E49A /* ContentView.swift */; };
		3720FE0928CFA12000D7E49A /* Assets.xcassets in Resources */ = {isa = PBXBuildFile; fileRef = 3720FE0828CFA12000D7E49A /* Assets.xcassets */; };
		3720FE0C28CFA12000D7E49A /* Preview Assets.xcassets in Resources */ = {isa = PBXBuildFile; fileRef = 3720FE0B28CFA12000D7E49A /* Preview Assets.xcassets */; };
		3720FE1428CFA1CF00D7E49A /* Verification.swift in Sources */ = {isa = PBXBuildFile; fileRef = 3720FE1328CFA1CF00D7E49A /* Verification.swift */; };
		3720FE1728CFA55700D7E49A /* OTPViewModel.swift in Sources */ = {isa = PBXBuildFile; fileRef = 3720FE1628CFA55700D7E49A /* OTPViewModel.swift */; };
/* End PBXBuildFile section */

/* Begin PBXFileReference section */
		3720FE0128CFA11E00D7E49A /* FetchingOTPAutomatically.app */ = {isa = PBXFileReference; explicitFileType = wrapper.application; includeInIndex = 0; path = FetchingOTPAutomatically.app; sourceTree = BUILT_PRODUCTS_DIR; };
		3720FE0428CFA11E00D7E49A /* FetchingOTPAutomaticallyApp.swift */ = {isa = PBXFileReference; lastKnownFileType = sourcecode.swift; path = FetchingOTPAutomaticallyApp.swift; sourceTree = "<group>"; };
		3720FE0628CFA11E00D7E49A /* ContentView.swift */ = {isa = PBXFileReference; lastKnownFileType = sourcecode.swift; path = ContentView.swift; sourceTree = "<group>"; };
		3720FE0828CFA12000D7E49A /* Assets.xcassets */ = {isa = PBXFileReference; lastKnownFileType = folder.assetcatalog; path = Assets.xcassets; sourceTree = "<group>"; };
		3720FE0B28CFA12000D7E49A /* Preview Assets.xcassets */ = {isa = PBXFileReference; lastKnownFileType = folder.assetcatalog; path = "Preview Assets.xcassets"; sourceTree = "<group>"; };
		3720FE1328CFA1CF00D7E49A /* Verification.swift */ = {isa = PBXFileReference; lastKnownFileType = sourcecode.swift; path = Verification.swift; sourceTree = "<group>"; };
		3720FE1628CFA55700D7E49A /* OTPViewModel.swift */ = {isa = PBXFileReference; lastKnownFileType = sourcecode.swift; path = OTPViewModel.swift; sourceTree = "<group>"; };
/* End PBXFileReference section */

/* Begin PBXFrameworksBuildPhase section */
		3720FDFE28CFA11E00D7E49A /* Frameworks */ = {
			isa = PBXFrameworksBuildPhase;
			buildActionMask = 2147483647;
			files = (
			);
			runOnlyForDeploymentPostprocessing = 0;
		};
/* End PBXFrameworksBuildPhase section */

/* Begin PBXGroup section */
		3720FDF828CFA11E00D7E49A = {
			isa = PBXGroup;
			children = (
				3720FE0328CFA11E00D7E49A /* FetchingOTPAutomatically */,
				3720FE0228CFA11E00D7E49A /* Products */,
			);
			sourceTree = "<group>";
		};
		3720FE0228CFA11E00D7E49A /* Products */ = {
			isa = PBXGroup;
			children = (
				3720FE0128CFA11E00D7E49A /* FetchingOTPAutomatically.app */,
			);
			name = Products;
			sourceTree = "<group>";
		};
		3720FE0328CFA11E00D7E49A /* FetchingOTPAutomatically */ = {
			isa = PBXGroup;
			children = (
				3720FE1528CFA53700D7E49A /* ViewModel */,
				3720FE1228CFA1AC00D7E49A /* View */,
				3720FE0428CFA11E00D7E49A /* FetchingOTPAutomaticallyApp.swift */,
				3720FE0628CFA11E00D7E49A /* ContentView.swift */,
				3720FE0828CFA12000D7E49A /* Assets.xcassets */,
				3720FE0A28CFA12000D7E49A /* Preview Content */,
			);
			path = FetchingOTPAutomatically;
			sourceTree = "<group>";
		};
		3720FE0A28CFA12000D7E49A /* Preview Content */ = {
			isa = PBXGroup;
			children = (
				3720FE0B28CFA12000D7E49A /* Preview Assets.xcassets */,
			);
			path = "Preview Content";
			sourceTree = "<group>";
		};
		3720FE1228CFA1AC00D7E49A /* View */ = {
			isa = PBXGroup;
			children = (
				3720FE1328CFA1CF00D7E49A /* Verification.swift */,
			);
			path = View;
			sourceTree = "<group>";
		};
		3720FE1528CFA53700D7E49A /* ViewModel */ = {
			isa = PBXGroup;
			children = (
				3720FE1628CFA55700D7E49A /* OTPViewModel.swift */,
			);
			path = ViewModel;
			sourceTree = "<group>";
		};
/* End PBXGroup section */

/* Begin PBXNativeTarget section */
		3720FE0028CFA11E00D7E49A /* FetchingOTPAutomatically */ = {
			isa = PBXNativeTarget;
			buildConfigurationList = 3720FE0F28CFA12000D7E49A /* Build configuration list for PBXNativeTarget "FetchingOTPAutomatically" */;
			buildPhases = (
				3720FDFD28CFA11E00D7E49A /* Sources */,
				3720FDFE28CFA11E00D7E49A /* Frameworks */,
				3720FDFF28CFA11E00D7E49A /* Resources */,
			);
			buildRules = (
			);
			dependencies = (
			);
			name = FetchingOTPAutomatically;
			productName = FetchingOTPAutomatically;
			productReference = 3720FE0128CFA11E00D7E49A /* FetchingOTPAutomatically.app */;
			productType = "com.apple.product-type.application";
		};
/* End PBXNativeTarget section */

/* Begin PBXProject section */
		3720FDF928CFA11E00D7E49A /* Project object */ = {
			isa = PBXProject;
			attributes = {
				BuildIndependentTargetsInParallel = 1;
				LastSwiftUpdateCheck = 1340;
				LastUpgradeCheck = 1340;
				TargetAttributes = {
					3720FE0028CFA11E00D7E49A = {
						CreatedOnToolsVersion = 13.4;
					};
				};
			};
			buildConfigurationList = 3720FDFC28CFA11E00D7E49A /* Build configuration list for PBXProject "FetchingOTPAutomatically" */;
			compatibilityVersion = "Xcode 13.0";
			developmentRegion = en;
			hasScannedForEncodings = 0;
			knownRegions = (
				en,
				Base,
			);
			mainGroup = 3720FDF828CFA11E00D7E49A;
			productRefGroup = 3720FE0228CFA11E00D7E49A /* Products */;
			projectDirPath = "";
			projectRoot = "";
			targets = (
				3720FE0028CFA11E00D7E49A /* FetchingOTPAutomatically */,
			);
		};
/* End PBXProject section */

/* Begin PBXResourcesBuildPhase section */
		3720FDFF28CFA11E00D7E49A /* Resources */ = {
			isa = PBXResourcesBuildPhase;
			buildActionMask = 2147483647;
			files = (
				3720FE0C28CFA12000D7E49A /* Preview Assets.xcassets in Resources */,
				3720FE0928CFA12000D7E49A /* Assets.xcassets in Resources */,
			);
			runOnlyForDeploymentPostprocessing = 0;
		};
/* End PBXResourcesBuildPhase section */

/* Begin PBXSourcesBuildPhase section */
		3720FDFD28CFA11E00D7E49A /* Sources */ = {
			isa = PBXSourcesBuildPhase;
			buildActionMask = 2147483647;
			files = (
				3720FE1728CFA55700D7E49A /* OTPViewModel.swift in Sources */,
				3720FE1428CFA1CF00D7E49A /* Verification.swift in Sources */,
				3720FE0728CFA11E00D7E49A /* ContentView.swift in Sources */,
				3720FE0528CFA11E00D7E49A /* FetchingOTPAutomaticallyApp.swift in Sources */,
			);
			runOnlyForDeploymentPostprocessing = 0;
		};
/* End PBXSourcesBuildPhase section */

/* Begin XCBuildConfiguration section */
		3720FE0D28CFA12000D7E49A /* Debug */ = {
			isa = XCBuildConfiguration;
			buildSettings = {
				ALWAYS_SEARCH_USER_PATHS = NO;
				CLANG_ANALYZER_NONNULL = YES;
				CLANG_ANALYZER_NUMBER_OBJECT_CONVERSION = YES_AGGRESSIVE;
				CLANG_CXX_LANGUAGE_STANDARD = "gnu++17";
				CLANG_ENABLE_MODULES = YES;
				CLANG_ENABLE_OBJC_ARC = YES;
				CLANG_ENABLE_OBJC_WEAK = YES;
				CLANG_WARN_BLOCK_CAPTURE_AUTORELEASING = YES;
				CLANG_WARN_BOOL_CONVERSION = YES;
				CLANG_WARN_COMMA = YES;
				CLANG_WARN_CONSTANT_CONVERSION = YES;
				CLANG_WARN_DEPRECATED_OBJC_IMPLEMENTATIONS = YES;
				CLANG_WARN_DIRECT_OBJC_ISA_USAGE = YES_ERROR;
				CLANG_WARN_DOCUMENTATION_COMMENTS = YES;
				CLANG_WARN_EMPTY_BODY = YES;
				CLANG_WARN_ENUM_CONVERSION = YES;
				CLANG_WARN_INFINITE_RECURSION = YES;
				CLANG_WARN_INT_CONVERSION = YES;
				CLANG_WARN_NON_LITERAL_NULL_CONVERSION = YES;
				CLANG_WARN_OBJC_IMPLICIT_RETAIN_SELF = YES;
				CLANG_WARN_OBJC_LITERAL_CONVERSION = YES;
				CLANG_WARN_OBJC_ROOT_CLASS = YES_ERROR;
				CLANG_WARN_QUOTED_INCLUDE_IN_FRAMEWORK_HEADER = YES;
				CLANG_WARN_RANGE_LOOP_ANALYSIS = YES;
				CLANG_WARN_STRICT_PROTOTYPES = YES;
				CLANG_WARN_SUSPICIOUS_MOVE = YES;
				CLANG_WARN_UNGUARDED_AVAILABILITY = YES_AGGRESSIVE;
				CLANG_WARN_UNREACHABLE_CODE = YES;
				CLANG_WARN__DUPLICATE_METHOD_MATCH = YES;
				COPY_PHASE_STRIP = NO;
				DEBUG_INFORMATION_FORMAT = dwarf;
				ENABLE_STRICT_OBJC_MSGSEND = YES;
				ENABLE_TESTABILITY = YES;
				GCC_C_LANGUAGE_STANDARD = gnu11;
				GCC_DYNAMIC_NO_PIC = NO;
				GCC_NO_COMMON_BLOCKS = YES;
				GCC_OPTIMIZATION_LEVEL = 0;
				GCC_PREPROCESSOR_DEFINITIONS = (
					"DEBUG=1",
					"$(inherited)",
				);
				GCC_WARN_64_TO_32_BIT_CONVERSION = YES;
				GCC_WARN_ABOUT_RETURN_TYPE = YES_ERROR;
				GCC_WARN_UNDECLARED_SELECTOR = YES;
				GCC_WARN_UNINITIALIZED_AUTOS = YES_AGGRESSIVE;
				GCC_WARN_UNUSED_FUNCTION = YES;
				GCC_WARN_UNUSED_VARIABLE = YES;
				IPHONEOS_DEPLOYMENT_TARGET = 15.5;
				MTL_ENABLE_DEBUG_INFO = INCLUDE_SOURCE;
				MTL_FAST_MATH = YES;
				ONLY_ACTIVE_ARCH = YES;
				SDKROOT = iphoneos;
				SWIFT_ACTIVE_COMPILATION_CONDITIONS = DEBUG;
				SWIFT_OPTIMIZATION_LEVEL = "-Onone";
			};
			name = Debug;
		};
		3720FE0E28CFA12000D7E49A /* Release */ = {
			isa = XCBuildConfiguration;
			buildSettings = {
				ALWAYS_SEARCH_USER_PATHS = NO;
				CLANG_ANALYZER_NONNULL = YES;
				CLANG_ANALYZER_NUMBER_OBJECT_CONVERSION = YES_AGGRESSIVE;
				CLANG_CXX_LANGUAGE_STANDARD = "gnu++17";
				CLANG_ENABLE_MODULES = YES;
				CLANG_ENABLE_OBJC_ARC = YES;
				CLANG_ENABLE_OBJC_WEAK = YES;
				CLANG_WARN_BLOCK_CAPTURE_AUTORELEASING = YES;
				CLANG_WARN_BOOL_CONVERSION = YES;
				CLANG_WARN_COMMA = YES;
				CLANG_WARN_CONSTANT_CONVERSION = YES;
				CLANG_WARN_DEPRECATED_OBJC_IMPLEMENTATIONS = YES;
				CLANG_WARN_DIRECT_OBJC_ISA_USAGE = YES_ERROR;
				CLANG_WARN_DOCUMENTATION_COMMENTS = YES;
				CLANG_WARN_EMPTY_BODY = YES;
				CLANG_WARN_ENUM_CONVERSION = YES;
				CLANG_WARN_INFINITE_RECURSION = YES;
				CLANG_WARN_INT_CONVERSION = YES;
				CLANG_WARN_NON_LITERAL_NULL_CONVERSION = YES;
				CLANG_WARN_OBJC_IMPLICIT_RETAIN_SELF = YES;
				CLANG_WARN_OBJC_LITERAL_CONVERSION = YES;
				CLANG_WARN_OBJC_ROOT_CLASS = YES_ERROR;
				CLANG_WARN_QUOTED_INCLUDE_IN_FRAMEWORK_HEADER = YES;
				CLANG_WARN_RANGE_LOOP_ANALYSIS = YES;
				CLANG_WARN_STRICT_PROTOTYPES = YES;
				CLANG_WARN_SUSPICIOUS_MOVE = YES;
				CLANG_WARN_UNGUARDED_AVAILABILITY = YES_AGGRESSIVE;
				CLANG_WARN_UNREACHABLE_CODE = YES;
				CLANG_WARN__DUPLICATE_METHOD_MATCH = YES;
				COPY_PHASE_STRIP = NO;
				DEBUG_INFORMATION_FORMAT = "dwarf-with-dsym";
				ENABLE_NS_ASSERTIONS = NO;
				ENABLE_STRICT_OBJC_MSGSEND = YES;
				GCC_C_LANGUAGE_STANDARD = gnu11;
				GCC_NO_COMMON_BLOCKS = YES;
				GCC_WARN_64_TO_32_BIT_CONVERSION = YES;
				GCC_WARN_ABOUT_RETURN_TYPE = YES_ERROR;
				GCC_WARN_UNDECLARED_SELECTOR = YES;
				GCC_WARN_UNINITIALIZED_AUTOS = YES_AGGRESSIVE;
				GCC_WARN_UNUSED_FUNCTION = YES;
				GCC_WARN_UNUSED_VARIABLE = YES;
				IPHONEOS_DEPLOYMENT_TARGET = 15.5;
				MTL_ENABLE_DEBUG_INFO = NO;
				MTL_FAST_MATH = YES;
				SDKROOT = iphoneos;
				SWIFT_COMPILATION_MODE = wholemodule;
				SWIFT_OPTIMIZATION_LEVEL = "-O";
				VALIDATE_PRODUCT = YES;
			};
			name = Release;
		};
		3720FE1028CFA12000D7E49A /* Debug */ = {
			isa = XCBuildConfiguration;
			buildSettings = {
				ASSETCATALOG_COMPILER_APPICON_NAME = AppIcon;
				ASSETCATALOG_COMPILER_GLOBAL_ACCENT_COLOR_NAME = AccentColor;
				CODE_SIGN_STYLE = Automatic;
				CURRENT_PROJECT_VERSION = 1;
				DEVELOPMENT_ASSET_PATHS = "\"FetchingOTPAutomatically/Preview Content\"";
				DEVELOPMENT_TEAM = 37P2V26KZ2;
				ENABLE_PREVIEWS = YES;
				GENERATE_INFOPLIST_FILE = YES;
				INFOPLIST_KEY_UIApplicationSceneManifest_Generation = YES;
				INFOPLIST_KEY_UIApplicationSupportsIndirectInputEvents = YES;
				INFOPLIST_KEY_UILaunchScreen_Generation = YES;
				INFOPLIST_KEY_UISupportedInterfaceOrientations_iPad = "UIInterfaceOrientationPortrait UIInterfaceOrientationPortraitUpsideDown UIInterfaceOrientationLandscapeLeft UIInterfaceOrientationLandscapeRight";
				INFOPLIST_KEY_UISupportedInterfaceOrientations_iPhone = "UIInterfaceOrientationPortrait UIInterfaceOrientationLandscapeLeft UIInterfaceOrientationLandscapeRight";
				LD_RUNPATH_SEARCH_PATHS = (
					"$(inherited)",
					"@executable_path/Frameworks",
				);
				MARKETING_VERSION = 1.0;
				PRODUCT_BUNDLE_IDENTIFIER = "jannatun-nahar-papia.FetchingOTPAutomatically";
				PRODUCT_NAME = "$(TARGET_NAME)";
				SWIFT_EMIT_LOC_STRINGS = YES;
				SWIFT_VERSION = 5.0;
				TARGETED_DEVICE_FAMILY = "1,2";
			};
			name = Debug;
		};
		3720FE1128CFA12000D7E49A /* Release */ = {
			isa = XCBuildConfiguration;
			buildSettings = {
				ASSETCATALOG_COMPILER_APPICON_NAME = AppIcon;
				ASSETCATALOG_COMPILER_GLOBAL_ACCENT_COLOR_NAME = AccentColor;
				CODE_SIGN_STYLE = Automatic;
				CURRENT_PROJECT_VERSION = 1;
				DEVELOPMENT_ASSET_PATHS = "\"FetchingOTPAutomatically/Preview Content\"";
				DEVELOPMENT_TEAM = 37P2V26KZ2;
				ENABLE_PREVIEWS = YES;
				GENERATE_INFOPLIST_FILE = YES;
				INFOPLIST_KEY_UIApplicationSceneManifest_Generation = YES;
				INFOPLIST_KEY_UIApplicationSupportsIndirectInputEvents = YES;
				INFOPLIST_KEY_UILaunchScreen_Generation = YES;
				INFOPLIST_KEY_UISupportedInterfaceOrientations_iPad = "UIInterfaceOrientationPortrait UIInterfaceOrientationPortraitUpsideDown UIInterfaceOrientationLandscapeLeft UIInterfaceOrientationLandscapeRight";
				INFOPLIST_KEY_UISupportedInterfaceOrientations_iPhone = "UIInterfaceOrientationPortrait UIInterfaceOrientationLandscapeLeft UIInterfaceOrientationLandscapeRight";
				LD_RUNPATH_SEARCH_PATHS = (
					"$(inherited)",
					"@executable_path/Frameworks",
				);
				MARKETING_VERSION = 1.0;
				PRODUCT_BUNDLE_IDENTIFIER = "jannatun-nahar-papia.FetchingOTPAutomatically";
				PRODUCT_NAME = "$(TARGET_NAME)";
				SWIFT_EMIT_LOC_STRINGS = YES;
				SWIFT_VERSION = 5.0;
				TARGETED_DEVICE_FAMILY = "1,2";
			};
			name = Release;
		};
/* End XCBuildConfiguration section */

/* Begin XCConfigurationList section */
		3720FDFC28CFA11E00D7E49A /* Build configuration list for PBXProject "FetchingOTPAutomatically" */ = {
			isa = XCConfigurationList;
			buildConfigurations = (
				3720FE0D28CFA12000D7E49A /* Debug */,
				3720FE0E28CFA12000D7E49A /* Release */,
			);
			defaultConfigurationIsVisible = 0;
			defaultConfigurationName = Release;
		};
		3720FE0F28CFA12000D7E49A /* Build configuration list for PBXNativeTarget "FetchingOTPAutomatically" */ = {
			isa = XCConfigurationList;
			buildConfigurations = (
				3720FE1028CFA12000D7E49A /* Debug */,
				3720FE1128CFA12000D7E49A /* Release */,
			);
			defaultConfigurationIsVisible = 0;
			defaultConfigurationName = Release;
		};
/* End XCConfigurationList section */
	};
	rootObject = 3720FDF928CFA11E00D7E49A /* Project object */;
}
